
Microsoft Visual Studio Solution File, Format Version 12.00
# Visual Studio 15
VisualStudioVersion = 15.0.28010.2016
MinimumVisualStudioVersion = 10.0.40219.1
Project("{FAE04EC0-301F-11D3-BF4B-00C04F79EFBC}") = "BataviaReseveringsSysteem", "BataviaReseveringsSysteem\BataviaReseveringsSysteem.csproj", "{19C7D19A-ED7E-461E-AA17-F1BAB358D3F0}"
EndProject
Project("{FAE04EC0-301F-11D3-BF4B-00C04F79EFBC}") = "UnitTest", "UnitTestProject2\UnitTest.csproj", "{F6CDA49A-FFB0-4680-9812-2A144F68BA18}"
EndProject
Project("{54435603-DBB4-11D2-8724-00A0C9A8B90C}") = "Setup4", "Setup4\Setup4.vdproj", "{E269E746-4CF6-4199-92F2-9CE28F02CCDE}"
EndProject
Global
	GlobalSection(SolutionConfigurationPlatforms) = preSolution
		Debug|Any CPU = Debug|Any CPU
		Release|Any CPU = Release|Any CPU
	EndGlobalSection
	GlobalSection(ProjectConfigurationPlatforms) = postSolution
		{19C7D19A-ED7E-461E-AA17-F1BAB358D3F0}.Debug|Any CPU.ActiveCfg = Debug|Any CPU
		{19C7D19A-ED7E-461E-AA17-F1BAB358D3F0}.Debug|Any CPU.Build.0 = Debug|Any CPU
		{19C7D19A-ED7E-461E-AA17-F1BAB358D3F0}.Release|Any CPU.ActiveCfg = Release|Any CPU
		{19C7D19A-ED7E-461E-AA17-F1BAB358D3F0}.Release|Any CPU.Build.0 = Release|Any CPU
		{F6CDA49A-FFB0-4680-9812-2A144F68BA18}.Debug|Any CPU.ActiveCfg = Debug|Any CPU
		{F6CDA49A-FFB0-4680-9812-2A144F68BA18}.Debug|Any CPU.Build.0 = Debug|Any CPU
		{F6CDA49A-FFB0-4680-9812-2A144F68BA18}.Release|Any CPU.ActiveCfg = Release|Any CPU
		{F6CDA49A-FFB0-4680-9812-2A144F68BA18}.Release|Any CPU.Build.0 = Release|Any CPU
		{E269E746-4CF6-4199-92F2-9CE28F02CCDE}.Debug|Any CPU.ActiveCfg = Debug
		{E269E746-4CF6-4199-92F2-9CE28F02CCDE}.Release|Any CPU.ActiveCfg = Release
	EndGlobalSection
	GlobalSection(SolutionProperties) = preSolution
		HideSolutionNode = FALSE
	EndGlobalSection
	GlobalSection(ExtensibilityGlobals) = postSolution
		SolutionGuid = {8498A97A-ED09-4793-82E0-AF36D9111FC7}
	EndGlobalSection
EndGlobal
